
Microsoft Visual Studio Solution File, Format Version 12.00
# Visual Studio 2012
Project("{FAE04EC0-301F-11D3-BF4B-00C04F79EFBC}") = "SampleApp.iOS", "SampleApp.iOS\SampleApp.iOS.csproj", "{9B697011-40F0-42E1-8101-0FDA2FA8A8DF}"
EndProject
Project("{FAE04EC0-301F-11D3-BF4B-00C04F79EFBC}") = "RNTouch", "RNTouch\RNTouch.csproj", "{05FF3726-ED02-4814-AF63-9BA10085090E}"
EndProject
Project("{FAE04EC0-301F-11D3-BF4B-00C04F79EFBC}") = "RNDroid", "RNDroid\RNDroid.csproj", "{093D248C-E7EF-4C74-B1A0-38E0A332E736}"
EndProject
Project("{FAE04EC0-301F-11D3-BF4B-00C04F79EFBC}") = "SampleApp.Droid", "SampleApp.Droid\SampleApp.Droid.csproj", "{72D1B391-859D-4927-92E5-E911A1887036}"
EndProject
Global
	GlobalSection(SolutionConfigurationPlatforms) = preSolution
		Debug|iPhoneSimulator = Debug|iPhoneSimulator
		Release|iPhone = Release|iPhone
		Release|iPhoneSimulator = Release|iPhoneSimulator
		Debug|iPhone = Debug|iPhone
		Debug|Any CPU = Debug|Any CPU
		Release|Any CPU = Release|Any CPU
	EndGlobalSection
	GlobalSection(ProjectConfigurationPlatforms) = postSolution
		{05FF3726-ED02-4814-AF63-9BA10085090E}.Debug|iPhone.ActiveCfg = Debug|Any CPU
		{05FF3726-ED02-4814-AF63-9BA10085090E}.Debug|iPhone.Build.0 = Debug|Any CPU
		{05FF3726-ED02-4814-AF63-9BA10085090E}.Debug|iPhoneSimulator.ActiveCfg = Debug|Any CPU
		{05FF3726-ED02-4814-AF63-9BA10085090E}.Debug|iPhoneSimulator.Build.0 = Debug|Any CPU
		{05FF3726-ED02-4814-AF63-9BA10085090E}.Release|iPhone.ActiveCfg = Release|Any CPU
		{05FF3726-ED02-4814-AF63-9BA10085090E}.Release|iPhone.Build.0 = Release|Any CPU
		{05FF3726-ED02-4814-AF63-9BA10085090E}.Release|iPhoneSimulator.ActiveCfg = Release|Any CPU
		{05FF3726-ED02-4814-AF63-9BA10085090E}.Release|iPhoneSimulator.Build.0 = Release|Any CPU
		{05FF3726-ED02-4814-AF63-9BA10085090E}.Debug|Any CPU.ActiveCfg = Debug|Any CPU
		{05FF3726-ED02-4814-AF63-9BA10085090E}.Debug|Any CPU.Build.0 = Debug|Any CPU
		{05FF3726-ED02-4814-AF63-9BA10085090E}.Release|Any CPU.ActiveCfg = Release|Any CPU
		{05FF3726-ED02-4814-AF63-9BA10085090E}.Release|Any CPU.Build.0 = Release|Any CPU
		{9B697011-40F0-42E1-8101-0FDA2FA8A8DF}.Debug|iPhone.ActiveCfg = Debug|iPhone
		{9B697011-40F0-42E1-8101-0FDA2FA8A8DF}.Debug|iPhone.Build.0 = Debug|iPhone
		{9B697011-40F0-42E1-8101-0FDA2FA8A8DF}.Debug|iPhoneSimulator.ActiveCfg = Debug|iPhoneSimulator
		{9B697011-40F0-42E1-8101-0FDA2FA8A8DF}.Debug|iPhoneSimulator.Build.0 = Debug|iPhoneSimulator
		{9B697011-40F0-42E1-8101-0FDA2FA8A8DF}.Release|iPhone.ActiveCfg = Release|iPhone
		{9B697011-40F0-42E1-8101-0FDA2FA8A8DF}.Release|iPhone.Build.0 = Release|iPhone
		{9B697011-40F0-42E1-8101-0FDA2FA8A8DF}.Release|iPhoneSimulator.ActiveCfg = Release|iPhoneSimulator
		{9B697011-40F0-42E1-8101-0FDA2FA8A8DF}.Release|iPhoneSimulator.Build.0 = Release|iPhoneSimulator
		{9B697011-40F0-42E1-8101-0FDA2FA8A8DF}.Debug|Any CPU.ActiveCfg = Debug|iPhoneSimulator
		{9B697011-40F0-42E1-8101-0FDA2FA8A8DF}.Debug|Any CPU.Build.0 = Debug|iPhoneSimulator
		{9B697011-40F0-42E1-8101-0FDA2FA8A8DF}.Release|Any CPU.ActiveCfg = Release|iPhoneSimulator
		{9B697011-40F0-42E1-8101-0FDA2FA8A8DF}.Release|Any CPU.Build.0 = Release|iPhoneSimulator
		{093D248C-E7EF-4C74-B1A0-38E0A332E736}.Debug|iPhoneSimulator.ActiveCfg = Debug|Any CPU
		{093D248C-E7EF-4C74-B1A0-38E0A332E736}.Debug|iPhoneSimulator.Build.0 = Debug|Any CPU
		{093D248C-E7EF-4C74-B1A0-38E0A332E736}.Release|iPhone.ActiveCfg = Release|Any CPU
		{093D248C-E7EF-4C74-B1A0-38E0A332E736}.Release|iPhone.Build.0 = Release|Any CPU
		{093D248C-E7EF-4C74-B1A0-38E0A332E736}.Release|iPhoneSimulator.ActiveCfg = Release|Any CPU
		{093D248C-E7EF-4C74-B1A0-38E0A332E736}.Release|iPhoneSimulator.Build.0 = Release|Any CPU
		{093D248C-E7EF-4C74-B1A0-38E0A332E736}.Debug|iPhone.ActiveCfg = Debug|Any CPU
		{093D248C-E7EF-4C74-B1A0-38E0A332E736}.Debug|iPhone.Build.0 = Debug|Any CPU
		{093D248C-E7EF-4C74-B1A0-38E0A332E736}.Debug|Any CPU.ActiveCfg = Debug|Any CPU
		{093D248C-E7EF-4C74-B1A0-38E0A332E736}.Debug|Any CPU.Build.0 = Debug|Any CPU
		{093D248C-E7EF-4C74-B1A0-38E0A332E736}.Release|Any CPU.ActiveCfg = Release|Any CPU
		{093D248C-E7EF-4C74-B1A0-38E0A332E736}.Release|Any CPU.Build.0 = Release|Any CPU
		{72D1B391-859D-4927-92E5-E911A1887036}.Debug|iPhoneSimulator.ActiveCfg = Debug|Any CPU
		{72D1B391-859D-4927-92E5-E911A1887036}.Debug|iPhoneSimulator.Build.0 = Debug|Any CPU
		{72D1B391-859D-4927-92E5-E911A1887036}.Release|iPhone.ActiveCfg = Release|Any CPU
		{72D1B391-859D-4927-92E5-E911A1887036}.Release|iPhone.Build.0 = Release|Any CPU
		{72D1B391-859D-4927-92E5-E911A1887036}.Release|iPhoneSimulator.ActiveCfg = Release|Any CPU
		{72D1B391-859D-4927-92E5-E911A1887036}.Release|iPhoneSimulator.Build.0 = Release|Any CPU
		{72D1B391-859D-4927-92E5-E911A1887036}.Debug|iPhone.ActiveCfg = Debug|Any CPU
		{72D1B391-859D-4927-92E5-E911A1887036}.Debug|iPhone.Build.0 = Debug|Any CPU
		{72D1B391-859D-4927-92E5-E911A1887036}.Debug|Any CPU.ActiveCfg = Debug|Any CPU
		{72D1B391-859D-4927-92E5-E911A1887036}.Debug|Any CPU.Build.0 = Debug|Any CPU
		{72D1B391-859D-4927-92E5-E911A1887036}.Release|Any CPU.ActiveCfg = Release|Any CPU
		{72D1B391-859D-4927-92E5-E911A1887036}.Release|Any CPU.Build.0 = Release|Any CPU
	EndGlobalSection
EndGlobal
